
Microsoft Visual Studio Solution File, Format Version 12.00
# Visual Studio Version 16
VisualStudioVersion = 16.0.29424.173
MinimumVisualStudioVersion = 10.0.40219.1
Project("{9A19103F-16F7-4668-BE54-9A1E7A4F7556}") = "PiBot.App.PiBotManager", "PiBot\Apps\PiBotManager\PiBot.App.PiBotManager.csproj", "{35CC5D84-1E04-4DAA-92D7-7425234C9ECE}"
EndProject
Project("{9A19103F-16F7-4668-BE54-9A1E7A4F7556}") = "PiBot.App.PiBotConsole", "PiBot\Apps\PiBotConsole\PiBot.App.PiBotConsole.csproj", "{D387BFAA-6AB3-48A5-8E67-F3BDCE8AF180}"
EndProject
Project("{9A19103F-16F7-4668-BE54-9A1E7A4F7556}") = "PiBot.Core", "PiBot\Core\PiBot.Core.csproj", "{25CADDCD-BD1D-4274-AFE5-21AB390BDB83}"
EndProject
Project("{9A19103F-16F7-4668-BE54-9A1E7A4F7556}") = "XneloUtils", "XneloUtils.Net\XneloUtils.Net\XneloUtils.csproj", "{DDF9FF2B-A4F2-41F1-81CB-56A455AE23AA}"
EndProject
Global
	GlobalSection(SolutionConfigurationPlatforms) = preSolution
		Debug|Any CPU = Debug|Any CPU
		Release|Any CPU = Release|Any CPU
	EndGlobalSection
	GlobalSection(ProjectConfigurationPlatforms) = postSolution
		{35CC5D84-1E04-4DAA-92D7-7425234C9ECE}.Debug|Any CPU.ActiveCfg = Debug|Any CPU
		{35CC5D84-1E04-4DAA-92D7-7425234C9ECE}.Debug|Any CPU.Build.0 = Debug|Any CPU
		{35CC5D84-1E04-4DAA-92D7-7425234C9ECE}.Release|Any CPU.ActiveCfg = Release|Any CPU
		{35CC5D84-1E04-4DAA-92D7-7425234C9ECE}.Release|Any CPU.Build.0 = Release|Any CPU
		{D387BFAA-6AB3-48A5-8E67-F3BDCE8AF180}.Debug|Any CPU.ActiveCfg = Debug|Any CPU
		{D387BFAA-6AB3-48A5-8E67-F3BDCE8AF180}.Debug|Any CPU.Build.0 = Debug|Any CPU
		{D387BFAA-6AB3-48A5-8E67-F3BDCE8AF180}.Release|Any CPU.ActiveCfg = Release|Any CPU
		{D387BFAA-6AB3-48A5-8E67-F3BDCE8AF180}.Release|Any CPU.Build.0 = Release|Any CPU
		{25CADDCD-BD1D-4274-AFE5-21AB390BDB83}.Debug|Any CPU.ActiveCfg = Debug|Any CPU
		{25CADDCD-BD1D-4274-AFE5-21AB390BDB83}.Debug|Any CPU.Build.0 = Debug|Any CPU
		{25CADDCD-BD1D-4274-AFE5-21AB390BDB83}.Release|Any CPU.ActiveCfg = Release|Any CPU
		{25CADDCD-BD1D-4274-AFE5-21AB390BDB83}.Release|Any CPU.Build.0 = Release|Any CPU
		{DDF9FF2B-A4F2-41F1-81CB-56A455AE23AA}.Debug|Any CPU.ActiveCfg = Debug|Any CPU
		{DDF9FF2B-A4F2-41F1-81CB-56A455AE23AA}.Debug|Any CPU.Build.0 = Debug|Any CPU
		{DDF9FF2B-A4F2-41F1-81CB-56A455AE23AA}.Release|Any CPU.ActiveCfg = Release|Any CPU
		{DDF9FF2B-A4F2-41F1-81CB-56A455AE23AA}.Release|Any CPU.Build.0 = Release|Any CPU
	EndGlobalSection
	GlobalSection(SolutionProperties) = preSolution
		HideSolutionNode = FALSE
	EndGlobalSection
	GlobalSection(ExtensibilityGlobals) = postSolution
		SolutionGuid = {DF65A68B-F421-41E5-8C5D-E7422E28AF2E}
	EndGlobalSection
EndGlobal
